
Microsoft Visual Studio Solution File, Format Version 12.00
# Visual Studio Version 16
VisualStudioVersion = 16.0.31129.286
MinimumVisualStudioVersion = 10.0.40219.1
Project("{FAE04EC0-301F-11D3-BF4B-00C04F79EFBC}") = "FbxFile", "FbxFile\FbxFile.csproj", "{29F67DFB-A731-4F7B-B4C2-6BD304A80764}"
EndProject
Global
	GlobalSection(SolutionConfigurationPlatforms) = preSolution
		Debug|Any CPU = Debug|Any CPU
		Release|Any CPU = Release|Any CPU
	EndGlobalSection
	GlobalSection(ProjectConfigurationPlatforms) = postSolution
		{29F67DFB-A731-4F7B-B4C2-6BD304A80764}.Debug|Any CPU.ActiveCfg = Debug|Any CPU
		{29F67DFB-A731-4F7B-B4C2-6BD304A80764}.Debug|Any CPU.Build.0 = Debug|Any CPU
		{29F67DFB-A731-4F7B-B4C2-6BD304A80764}.Release|Any CPU.ActiveCfg = Release|Any CPU
		{29F67DFB-A731-4F7B-B4C2-6BD304A80764}.Release|Any CPU.Build.0 = Release|Any CPU
	EndGlobalSection
	GlobalSection(SolutionProperties) = preSolution
		HideSolutionNode = FALSE
	EndGlobalSection
	GlobalSection(ExtensibilityGlobals) = postSolution
		SolutionGuid = {22C381F5-70FA-4BBF-87FE-6AB666B22F25}
	EndGlobalSection
EndGlobal
